
Microsoft Visual Studio Solution File, Format Version 12.00
# Visual Studio 15
VisualStudioVersion = 15.0.27130.2027
MinimumVisualStudioVersion = 10.0.40219.1
Project("{9A19103F-16F7-4668-BE54-9A1E7A4F7556}") = "Gideon.Api", "Gideon.Api\Gideon.Api.csproj", "{9B078D60-126B-4F96-B07D-EA97BE03F1EB}"
EndProject
Project("{FAE04EC0-301F-11D3-BF4B-00C04F79EFBC}") = "Gideon.WebHooks.Receivers.BitbucketServer", "Gideon.WebHooks.Receivers.BitbucketServer\Gideon.WebHooks.Receivers.BitbucketServer.csproj", "{F6939C5F-13D4-4A3A-B1C2-3FB6C354EEB9}"
EndProject
Global
	GlobalSection(SolutionConfigurationPlatforms) = preSolution
		Debug|Any CPU = Debug|Any CPU
		Release|Any CPU = Release|Any CPU
	EndGlobalSection
	GlobalSection(ProjectConfigurationPlatforms) = postSolution
		{9B078D60-126B-4F96-B07D-EA97BE03F1EB}.Debug|Any CPU.ActiveCfg = Debug|Any CPU
		{9B078D60-126B-4F96-B07D-EA97BE03F1EB}.Debug|Any CPU.Build.0 = Debug|Any CPU
		{9B078D60-126B-4F96-B07D-EA97BE03F1EB}.Release|Any CPU.ActiveCfg = Release|Any CPU
		{9B078D60-126B-4F96-B07D-EA97BE03F1EB}.Release|Any CPU.Build.0 = Release|Any CPU
		{F6939C5F-13D4-4A3A-B1C2-3FB6C354EEB9}.Debug|Any CPU.ActiveCfg = Debug|Any CPU
		{F6939C5F-13D4-4A3A-B1C2-3FB6C354EEB9}.Debug|Any CPU.Build.0 = Debug|Any CPU
		{F6939C5F-13D4-4A3A-B1C2-3FB6C354EEB9}.Release|Any CPU.ActiveCfg = Release|Any CPU
		{F6939C5F-13D4-4A3A-B1C2-3FB6C354EEB9}.Release|Any CPU.Build.0 = Release|Any CPU
	EndGlobalSection
	GlobalSection(SolutionProperties) = preSolution
		HideSolutionNode = FALSE
	EndGlobalSection
	GlobalSection(ExtensibilityGlobals) = postSolution
		SolutionGuid = {2E605624-FE5E-4B6B-9E1C-4EF7D52B8845}
	EndGlobalSection
EndGlobal
